// !$*UTF8*$!
{
	archiveVersion = 1;
	classes = {
	};
	objectVersion = 56;
	objects = {

/* Begin PBXBuildFile section */
		61530E1C2A047A780092A3AB /* Redesigned_FinderApp.swift in Sources */ = {isa = PBXBuildFile; fileRef = 61530E1B2A047A780092A3AB /* Redesigned_FinderApp.swift */; };
		61530E1E2A047A780092A3AB /* ContentView.swift in Sources */ = {isa = PBXBuildFile; fileRef = 61530E1D2A047A780092A3AB /* ContentView.swift */; };
		61530E202A047A7A0092A3AB /* Assets.xcassets in Resources */ = {isa = PBXBuildFile; fileRef = 61530E1F2A047A7A0092A3AB /* Assets.xcassets */; };
		61530E232A047A7A0092A3AB /* Preview Assets.xcassets in Resources */ = {isa = PBXBuildFile; fileRef = 61530E222A047A7A0092A3AB /* Preview Assets.xcassets */; };
		61530E2E2A047A7A0092A3AB /* Redesigned_FinderTests.swift in Sources */ = {isa = PBXBuildFile; fileRef = 61530E2D2A047A7A0092A3AB /* Redesigned_FinderTests.swift */; };
		61530E382A047A7A0092A3AB /* Redesigned_FinderUITests.swift in Sources */ = {isa = PBXBuildFile; fileRef = 61530E372A047A7A0092A3AB /* Redesigned_FinderUITests.swift */; };
		61530E3A2A047A7A0092A3AB /* Redesigned_FinderUITestsLaunchTests.swift in Sources */ = {isa = PBXBuildFile; fileRef = 61530E392A047A7A0092A3AB /* Redesigned_FinderUITestsLaunchTests.swift */; };
/* End PBXBuildFile section */

/* Begin PBXContainerItemProxy section */
		61530E2A2A047A7A0092A3AB /* PBXContainerItemProxy */ = {
			isa = PBXContainerItemProxy;
			containerPortal = 61530E102A047A780092A3AB /* Project object */;
			proxyType = 1;
			remoteGlobalIDString = 61530E172A047A780092A3AB;
			remoteInfo = "Redesigned Finder";
		};
		61530E342A047A7A0092A3AB /* PBXContainerItemProxy */ = {
			isa = PBXContainerItemProxy;
			containerPortal = 61530E102A047A780092A3AB /* Project object */;
			proxyType = 1;
			remoteGlobalIDString = 61530E172A047A780092A3AB;
			remoteInfo = "Redesigned Finder";
		};
/* End PBXContainerItemProxy section */

/* Begin PBXFileReference section */
		61530E182A047A780092A3AB /* Redesigned Finder.app */ = {isa = PBXFileReference; explicitFileType = wrapper.application; includeInIndex = 0; path = "Redesigned Finder.app"; sourceTree = BUILT_PRODUCTS_DIR; };
		61530E1B2A047A780092A3AB /* Redesigned_FinderApp.swift */ = {isa = PBXFileReference; lastKnownFileType = sourcecode.swift; path = Redesigned_FinderApp.swift; sourceTree = "<group>"; };
		61530E1D2A047A780092A3AB /* ContentView.swift */ = {isa = PBXFileReference; lastKnownFileType = sourcecode.swift; path = ContentView.swift; sourceTree = "<group>"; };
		61530E1F2A047A7A0092A3AB /* Assets.xcassets */ = {isa = PBXFileReference; lastKnownFileType = folder.assetcatalog; path = Assets.xcassets; sourceTree = "<group>"; };
		61530E222A047A7A0092A3AB /* Preview Assets.xcassets */ = {isa = PBXFileReference; lastKnownFileType = folder.assetcatalog; path = "Preview Assets.xcassets"; sourceTree = "<group>"; };
		61530E242A047A7A0092A3AB /* Redesigned_Finder.entitlements */ = {isa = PBXFileReference; lastKnownFileType = text.plist.entitlements; path = Redesigned_Finder.entitlements; sourceTree = "<group>"; };
		61530E292A047A7A0092A3AB /* Redesigned FinderTests.xctest */ = {isa = PBXFileReference; explicitFileType = wrapper.cfbundle; includeInIndex = 0; path = "Redesigned FinderTests.xctest"; sourceTree = BUILT_PRODUCTS_DIR; };
		61530E2D2A047A7A0092A3AB /* Redesigned_FinderTests.swift */ = {isa = PBXFileReference; lastKnownFileType = sourcecode.swift; path = Redesigned_FinderTests.swift; sourceTree = "<group>"; };
		61530E332A047A7A0092A3AB /* Redesigned FinderUITests.xctest */ = {isa = PBXFileReference; explicitFileType = wrapper.cfbundle; includeInIndex = 0; path = "Redesigned FinderUITests.xctest"; sourceTree = BUILT_PRODUCTS_DIR; };
		61530E372A047A7A0092A3AB /* Redesigned_FinderUITests.swift */ = {isa = PBXFileReference; lastKnownFileType = sourcecode.swift; path = Redesigned_FinderUITests.swift; sourceTree = "<group>"; };
		61530E392A047A7A0092A3AB /* Redesigned_FinderUITestsLaunchTests.swift */ = {isa = PBXFileReference; lastKnownFileType = sourcecode.swift; path = Redesigned_FinderUITestsLaunchTests.swift; sourceTree = "<group>"; };
/* End PBXFileReference section */

/* Begin PBXFrameworksBuildPhase section */
		61530E152A047A780092A3AB /* Frameworks */ = {
			isa = PBXFrameworksBuildPhase;
			buildActionMask = 2147483647;
			files = (
			);
			runOnlyForDeploymentPostprocessing = 0;
		};
		61530E262A047A7A0092A3AB /* Frameworks */ = {
			isa = PBXFrameworksBuildPhase;
			buildActionMask = 2147483647;
			files = (
			);
			runOnlyForDeploymentPostprocessing = 0;
		};
		61530E302A047A7A0092A3AB /* Frameworks */ = {
			isa = PBXFrameworksBuildPhase;
			buildActionMask = 2147483647;
			files = (
			);
			runOnlyForDeploymentPostprocessing = 0;
		};
/* End PBXFrameworksBuildPhase section */

/* Begin PBXGroup section */
		61530E0F2A047A780092A3AB = {
			isa = PBXGroup;
			children = (
				61530E1A2A047A780092A3AB /* Redesigned Finder */,
				61530E2C2A047A7A0092A3AB /* Redesigned FinderTests */,
				61530E362A047A7A0092A3AB /* Redesigned FinderUITests */,
				61530E192A047A780092A3AB /* Products */,
			);
			sourceTree = "<group>";
		};
		61530E192A047A780092A3AB /* Products */ = {
			isa = PBXGroup;
			children = (
				61530E182A047A780092A3AB /* Redesigned Finder.app */,
				61530E292A047A7A0092A3AB /* Redesigned FinderTests.xctest */,
				61530E332A047A7A0092A3AB /* Redesigned FinderUITests.xctest */,
			);
			name = Products;
			sourceTree = "<group>";
		};
		61530E1A2A047A780092A3AB /* Redesigned Finder */ = {
			isa = PBXGroup;
			children = (
				61530E1B2A047A780092A3AB /* Redesigned_FinderApp.swift */,
				61530E1D2A047A780092A3AB /* ContentView.swift */,
				61530E1F2A047A7A0092A3AB /* Assets.xcassets */,
				61530E242A047A7A0092A3AB /* Redesigned_Finder.entitlements */,
				61530E212A047A7A0092A3AB /* Preview Content */,
			);
			path = "Redesigned Finder";
			sourceTree = "<group>";
		};
		61530E212A047A7A0092A3AB /* Preview Content */ = {
			isa = PBXGroup;
			children = (
				61530E222A047A7A0092A3AB /* Preview Assets.xcassets */,
			);
			path = "Preview Content";
			sourceTree = "<group>";
		};
		61530E2C2A047A7A0092A3AB /* Redesigned FinderTests */ = {
			isa = PBXGroup;
			children = (
				61530E2D2A047A7A0092A3AB /* Redesigned_FinderTests.swift */,
			);
			path = "Redesigned FinderTests";
			sourceTree = "<group>";
		};
		61530E362A047A7A0092A3AB /* Redesigned FinderUITests */ = {
			isa = PBXGroup;
			children = (
				61530E372A047A7A0092A3AB /* Redesigned_FinderUITests.swift */,
				61530E392A047A7A0092A3AB /* Redesigned_FinderUITestsLaunchTests.swift */,
			);
			path = "Redesigned FinderUITests";
			sourceTree = "<group>";
		};
/* End PBXGroup section */

/* Begin PBXNativeTarget section */
		61530E172A047A780092A3AB /* Redesigned Finder */ = {
			isa = PBXNativeTarget;
			buildConfigurationList = 61530E3D2A047A7A0092A3AB /* Build configuration list for PBXNativeTarget "Redesigned Finder" */;
			buildPhases = (
				61530E142A047A780092A3AB /* Sources */,
				61530E152A047A780092A3AB /* Frameworks */,
				61530E162A047A780092A3AB /* Resources */,
			);
			buildRules = (
			);
			dependencies = (
			);
			name = "Redesigned Finder";
			productName = "Redesigned Finder";
			productReference = 61530E182A047A780092A3AB /* Redesigned Finder.app */;
			productType = "com.apple.product-type.application";
		};
		61530E282A047A7A0092A3AB /* Redesigned FinderTests */ = {
			isa = PBXNativeTarget;
			buildConfigurationList = 61530E402A047A7A0092A3AB /* Build configuration list for PBXNativeTarget "Redesigned FinderTests" */;
			buildPhases = (
				61530E252A047A7A0092A3AB /* Sources */,
				61530E262A047A7A0092A3AB /* Frameworks */,
				61530E272A047A7A0092A3AB /* Resources */,
			);
			buildRules = (
			);
			dependencies = (
				61530E2B2A047A7A0092A3AB /* PBXTargetDependency */,
			);
			name = "Redesigned FinderTests";
			productName = "Redesigned FinderTests";
			productReference = 61530E292A047A7A0092A3AB /* Redesigned FinderTests.xctest */;
			productType = "com.apple.product-type.bundle.unit-test";
		};
		61530E322A047A7A0092A3AB /* Redesigned FinderUITests */ = {
			isa = PBXNativeTarget;
			buildConfigurationList = 61530E432A047A7A0092A3AB /* Build configuration list for PBXNativeTarget "Redesigned FinderUITests" */;
			buildPhases = (
				61530E2F2A047A7A0092A3AB /* Sources */,
				61530E302A047A7A0092A3AB /* Frameworks */,
				61530E312A047A7A0092A3AB /* Resources */,
			);
			buildRules = (
			);
			dependencies = (
				61530E352A047A7A0092A3AB /* PBXTargetDependency */,
			);
			name = "Redesigned FinderUITests";
			productName = "Redesigned FinderUITests";
			productReference = 61530E332A047A7A0092A3AB /* Redesigned FinderUITests.xctest */;
			productType = "com.apple.product-type.bundle.ui-testing";
		};
/* End PBXNativeTarget section */

/* Begin PBXProject section */
		61530E102A047A780092A3AB /* Project object */ = {
			isa = PBXProject;
			attributes = {
				BuildIndependentTargetsInParallel = 1;
				LastSwiftUpdateCheck = 1430;
				LastUpgradeCheck = 1430;
				TargetAttributes = {
					61530E172A047A780092A3AB = {
						CreatedOnToolsVersion = 14.3;
					};
					61530E282A047A7A0092A3AB = {
						CreatedOnToolsVersion = 14.3;
						TestTargetID = 61530E172A047A780092A3AB;
					};
					61530E322A047A7A0092A3AB = {
						CreatedOnToolsVersion = 14.3;
						TestTargetID = 61530E172A047A780092A3AB;
					};
				};
			};
			buildConfigurationList = 61530E132A047A780092A3AB /* Build configuration list for PBXProject "Redesigned Finder" */;
			compatibilityVersion = "Xcode 14.0";
			developmentRegion = en;
			hasScannedForEncodings = 0;
			knownRegions = (
				en,
				Base,
			);
			mainGroup = 61530E0F2A047A780092A3AB;
			productRefGroup = 61530E192A047A780092A3AB /* Products */;
			projectDirPath = "";
			projectRoot = "";
			targets = (
				61530E172A047A780092A3AB /* Redesigned Finder */,
				61530E282A047A7A0092A3AB /* Redesigned FinderTests */,
				61530E322A047A7A0092A3AB /* Redesigned FinderUITests */,
			);
		};
/* End PBXProject section */

/* Begin PBXResourcesBuildPhase section */
		61530E162A047A780092A3AB /* Resources */ = {
			isa = PBXResourcesBuildPhase;
			buildActionMask = 2147483647;
			files = (
				61530E232A047A7A0092A3AB /* Preview Assets.xcassets in Resources */,
				61530E202A047A7A0092A3AB /* Assets.xcassets in Resources */,
			);
			runOnlyForDeploymentPostprocessing = 0;
		};
		61530E272A047A7A0092A3AB /* Resources */ = {
			isa = PBXResourcesBuildPhase;
			buildActionMask = 2147483647;
			files = (
			);
			runOnlyForDeploymentPostprocessing = 0;
		};
		61530E312A047A7A0092A3AB /* Resources */ = {
			isa = PBXResourcesBuildPhase;
			buildActionMask = 2147483647;
			files = (
			);
			runOnlyForDeploymentPostprocessing = 0;
		};
/* End PBXResourcesBuildPhase section */

/* Begin PBXSourcesBuildPhase section */
		61530E142A047A780092A3AB /* Sources */ = {
			isa = PBXSourcesBuildPhase;
			buildActionMask = 2147483647;
			files = (
				61530E1E2A047A780092A3AB /* ContentView.swift in Sources */,
				61530E1C2A047A780092A3AB /* Redesigned_FinderApp.swift in Sources */,
			);
			runOnlyForDeploymentPostprocessing = 0;
		};
		61530E252A047A7A0092A3AB /* Sources */ = {
			isa = PBXSourcesBuildPhase;
			buildActionMask = 2147483647;
			files = (
				61530E2E2A047A7A0092A3AB /* Redesigned_FinderTests.swift in Sources */,
			);
			runOnlyForDeploymentPostprocessing = 0;
		};
		61530E2F2A047A7A0092A3AB /* Sources */ = {
			isa = PBXSourcesBuildPhase;
			buildActionMask = 2147483647;
			files = (
				61530E3A2A047A7A0092A3AB /* Redesigned_FinderUITestsLaunchTests.swift in Sources */,
				61530E382A047A7A0092A3AB /* Redesigned_FinderUITests.swift in Sources */,
			);
			runOnlyForDeploymentPostprocessing = 0;
		};
/* End PBXSourcesBuildPhase section */

/* Begin PBXTargetDependency section */
		61530E2B2A047A7A0092A3AB /* PBXTargetDependency */ = {
			isa = PBXTargetDependency;
			target = 61530E172A047A780092A3AB /* Redesigned Finder */;
			targetProxy = 61530E2A2A047A7A0092A3AB /* PBXContainerItemProxy */;
		};
		61530E352A047A7A0092A3AB /* PBXTargetDependency */ = {
			isa = PBXTargetDependency;
			target = 61530E172A047A780092A3AB /* Redesigned Finder */;
			targetProxy = 61530E342A047A7A0092A3AB /* PBXContainerItemProxy */;
		};
/* End PBXTargetDependency section */

/* Begin XCBuildConfiguration section */
		61530E3B2A047A7A0092A3AB /* Debug */ = {
			isa = XCBuildConfiguration;
			buildSettings = {
				ALWAYS_SEARCH_USER_PATHS = NO;
				CLANG_ANALYZER_NONNULL = YES;
				CLANG_ANALYZER_NUMBER_OBJECT_CONVERSION = YES_AGGRESSIVE;
				CLANG_CXX_LANGUAGE_STANDARD = "gnu++20";
				CLANG_ENABLE_MODULES = YES;
				CLANG_ENABLE_OBJC_ARC = YES;
				CLANG_ENABLE_OBJC_WEAK = YES;
				CLANG_WARN_BLOCK_CAPTURE_AUTORELEASING = YES;
				CLANG_WARN_BOOL_CONVERSION = YES;
				CLANG_WARN_COMMA = YES;
				CLANG_WARN_CONSTANT_CONVERSION = YES;
				CLANG_WARN_DEPRECATED_OBJC_IMPLEMENTATIONS = YES;
				CLANG_WARN_DIRECT_OBJC_ISA_USAGE = YES_ERROR;
				CLANG_WARN_DOCUMENTATION_COMMENTS = YES;
				CLANG_WARN_EMPTY_BODY = YES;
				CLANG_WARN_ENUM_CONVERSION = YES;
				CLANG_WARN_INFINITE_RECURSION = YES;
				CLANG_WARN_INT_CONVERSION = YES;
				CLANG_WARN_NON_LITERAL_NULL_CONVERSION = YES;
				CLANG_WARN_OBJC_IMPLICIT_RETAIN_SELF = YES;
				CLANG_WARN_OBJC_LITERAL_CONVERSION = YES;
				CLANG_WARN_OBJC_ROOT_CLASS = YES_ERROR;
				CLANG_WARN_QUOTED_INCLUDE_IN_FRAMEWORK_HEADER = YES;
				CLANG_WARN_RANGE_LOOP_ANALYSIS = YES;
				CLANG_WARN_STRICT_PROTOTYPES = YES;
				CLANG_WARN_SUSPICIOUS_MOVE = YES;
				CLANG_WARN_UNGUARDED_AVAILABILITY = YES_AGGRESSIVE;
				CLANG_WARN_UNREACHABLE_CODE = YES;
				CLANG_WARN__DUPLICATE_METHOD_MATCH = YES;
				COPY_PHASE_STRIP = NO;
				DEBUG_INFORMATION_FORMAT = dwarf;
				ENABLE_STRICT_OBJC_MSGSEND = YES;
				ENABLE_TESTABILITY = YES;
				GCC_C_LANGUAGE_STANDARD = gnu11;
				GCC_DYNAMIC_NO_PIC = NO;
				GCC_NO_COMMON_BLOCKS = YES;
				GCC_OPTIMIZATION_LEVEL = 0;
				GCC_PREPROCESSOR_DEFINITIONS = (
					"DEBUG=1",
					"$(inherited)",
				);
				GCC_WARN_64_TO_32_BIT_CONVERSION = YES;
				GCC_WARN_ABOUT_RETURN_TYPE = YES_ERROR;
				GCC_WARN_UNDECLARED_SELECTOR = YES;
				GCC_WARN_UNINITIALIZED_AUTOS = YES_AGGRESSIVE;
				GCC_WARN_UNUSED_FUNCTION = YES;
				GCC_WARN_UNUSED_VARIABLE = YES;
				MACOSX_DEPLOYMENT_TARGET = 13.0;
				MTL_ENABLE_DEBUG_INFO = INCLUDE_SOURCE;
				MTL_FAST_MATH = YES;
				ONLY_ACTIVE_ARCH = YES;
				SDKROOT = macosx;
				SWIFT_ACTIVE_COMPILATION_CONDITIONS = DEBUG;
				SWIFT_OPTIMIZATION_LEVEL = "-Onone";
			};
			name = Debug;
		};
		61530E3C2A047A7A0092A3AB /* Release */ = {
			isa = XCBuildConfiguration;
			buildSettings = {
				ALWAYS_SEARCH_USER_PATHS = NO;
				CLANG_ANALYZER_NONNULL = YES;
				CLANG_ANALYZER_NUMBER_OBJECT_CONVERSION = YES_AGGRESSIVE;
				CLANG_CXX_LANGUAGE_STANDARD = "gnu++20";
				CLANG_ENABLE_MODULES = YES;
				CLANG_ENABLE_OBJC_ARC = YES;
				CLANG_ENABLE_OBJC_WEAK = YES;
				CLANG_WARN_BLOCK_CAPTURE_AUTORELEASING = YES;
				CLANG_WARN_BOOL_CONVERSION = YES;
				CLANG_WARN_COMMA = YES;
				CLANG_WARN_CONSTANT_CONVERSION = YES;
				CLANG_WARN_DEPRECATED_OBJC_IMPLEMENTATIONS = YES;
				CLANG_WARN_DIRECT_OBJC_ISA_USAGE = YES_ERROR;
				CLANG_WARN_DOCUMENTATION_COMMENTS = YES;
				CLANG_WARN_EMPTY_BODY = YES;
				CLANG_WARN_ENUM_CONVERSION = YES;
				CLANG_WARN_INFINITE_RECURSION = YES;
				CLANG_WARN_INT_CONVERSION = YES;
				CLANG_WARN_NON_LITERAL_NULL_CONVERSION = YES;
				CLANG_WARN_OBJC_IMPLICIT_RETAIN_SELF = YES;
				CLANG_WARN_OBJC_LITERAL_CONVERSION = YES;
				CLANG_WARN_OBJC_ROOT_CLASS = YES_ERROR;
				CLANG_WARN_QUOTED_INCLUDE_IN_FRAMEWORK_HEADER = YES;
				CLANG_WARN_RANGE_LOOP_ANALYSIS = YES;
				CLANG_WARN_STRICT_PROTOTYPES = YES;
				CLANG_WARN_SUSPICIOUS_MOVE = YES;
				CLANG_WARN_UNGUARDED_AVAILABILITY = YES_AGGRESSIVE;
				CLANG_WARN_UNREACHABLE_CODE = YES;
				CLANG_WARN__DUPLICATE_METHOD_MATCH = YES;
				COPY_PHASE_STRIP = NO;
				DEBUG_INFORMATION_FORMAT = "dwarf-with-dsym";
				ENABLE_NS_ASSERTIONS = NO;
				ENABLE_STRICT_OBJC_MSGSEND = YES;
				GCC_C_LANGUAGE_STANDARD = gnu11;
				GCC_NO_COMMON_BLOCKS = YES;
				GCC_WARN_64_TO_32_BIT_CONVERSION = YES;
				GCC_WARN_ABOUT_RETURN_TYPE = YES_ERROR;
				GCC_WARN_UNDECLARED_SELECTOR = YES;
				GCC_WARN_UNINITIALIZED_AUTOS = YES_AGGRESSIVE;
				GCC_WARN_UNUSED_FUNCTION = YES;
				GCC_WARN_UNUSED_VARIABLE = YES;
				MACOSX_DEPLOYMENT_TARGET = 13.0;
				MTL_ENABLE_DEBUG_INFO = NO;
				MTL_FAST_MATH = YES;
				SDKROOT = macosx;
				SWIFT_COMPILATION_MODE = wholemodule;
				SWIFT_OPTIMIZATION_LEVEL = "-O";
			};
			name = Release;
		};
		61530E3E2A047A7A0092A3AB /* Debug */ = {
			isa = XCBuildConfiguration;
			buildSettings = {
				ASSETCATALOG_COMPILER_APPICON_NAME = AppIcon;
				ASSETCATALOG_COMPILER_GLOBAL_ACCENT_COLOR_NAME = AccentColor;
				CODE_SIGN_ENTITLEMENTS = "Redesigned Finder/Redesigned_Finder.entitlements";
				CODE_SIGN_STYLE = Automatic;
				COMBINE_HIDPI_IMAGES = YES;
				CURRENT_PROJECT_VERSION = 1;
				DEVELOPMENT_ASSET_PATHS = "\"Redesigned Finder/Preview Content\"";
				DEVELOPMENT_TEAM = 88XL4V6ZTF;
				ENABLE_HARDENED_RUNTIME = YES;
				ENABLE_PREVIEWS = YES;
				GENERATE_INFOPLIST_FILE = YES;
				INFOPLIST_KEY_NSHumanReadableCopyright = "";
				LD_RUNPATH_SEARCH_PATHS = (
					"$(inherited)",
					"@executable_path/../Frameworks",
				);
				MARKETING_VERSION = 1.0;
				PRODUCT_BUNDLE_IDENTIFIER = "Personal.Redesigned-Finder";
				PRODUCT_NAME = "$(TARGET_NAME)";
				SWIFT_EMIT_LOC_STRINGS = YES;
				SWIFT_VERSION = 5.0;
			};
			name = Debug;
		};
		61530E3F2A047A7A0092A3AB /* Release */ = {
			isa = XCBuildConfiguration;
			buildSettings = {
				ASSETCATALOG_COMPILER_APPICON_NAME = AppIcon;
				ASSETCATALOG_COMPILER_GLOBAL_ACCENT_COLOR_NAME = AccentColor;
				CODE_SIGN_ENTITLEMENTS = "Redesigned Finder/Redesigned_Finder.entitlements";
				CODE_SIGN_STYLE = Automatic;
				COMBINE_HIDPI_IMAGES = YES;
				CURRENT_PROJECT_VERSION = 1;
				DEVELOPMENT_ASSET_PATHS = "\"Redesigned Finder/Preview Content\"";
				DEVELOPMENT_TEAM = 88XL4V6ZTF;
				ENABLE_HARDENED_RUNTIME = YES;
				ENABLE_PREVIEWS = YES;
				GENERATE_INFOPLIST_FILE = YES;
				INFOPLIST_KEY_NSHumanReadableCopyright = "";
				LD_RUNPATH_SEARCH_PATHS = (
					"$(inherited)",
					"@executable_path/../Frameworks",
				);
				MARKETING_VERSION = 1.0;
				PRODUCT_BUNDLE_IDENTIFIER = "Personal.Redesigned-Finder";
				PRODUCT_NAME = "$(TARGET_NAME)";
				SWIFT_EMIT_LOC_STRINGS = YES;
				SWIFT_VERSION = 5.0;
			};
			name = Release;
		};
		61530E412A047A7A0092A3AB /* Debug */ = {
			isa = XCBuildConfiguration;
			buildSettings = {
				ALWAYS_EMBED_SWIFT_STANDARD_LIBRARIES = YES;
				BUNDLE_LOADER = "$(TEST_HOST)";
				CODE_SIGN_STYLE = Automatic;
				CURRENT_PROJECT_VERSION = 1;
				DEVELOPMENT_TEAM = 88XL4V6ZTF;
				GENERATE_INFOPLIST_FILE = YES;
				MACOSX_DEPLOYMENT_TARGET = 13.0;
				MARKETING_VERSION = 1.0;
				PRODUCT_BUNDLE_IDENTIFIER = "Personal.Redesigned-FinderTests";
				PRODUCT_NAME = "$(TARGET_NAME)";
				SWIFT_EMIT_LOC_STRINGS = NO;
				SWIFT_VERSION = 5.0;
				TEST_HOST = "$(BUILT_PRODUCTS_DIR)/Redesigned Finder.app/$(BUNDLE_EXECUTABLE_FOLDER_PATH)/Redesigned Finder";
			};
			name = Debug;
		};
		61530E422A047A7A0092A3AB /* Release */ = {
			isa = XCBuildConfiguration;
			buildSettings = {
				ALWAYS_EMBED_SWIFT_STANDARD_LIBRARIES = YES;
				BUNDLE_LOADER = "$(TEST_HOST)";
				CODE_SIGN_STYLE = Automatic;
				CURRENT_PROJECT_VERSION = 1;
				DEVELOPMENT_TEAM = 88XL4V6ZTF;
				GENERATE_INFOPLIST_FILE = YES;
				MACOSX_DEPLOYMENT_TARGET = 13.0;
				MARKETING_VERSION = 1.0;
				PRODUCT_BUNDLE_IDENTIFIER = "Personal.Redesigned-FinderTests";
				PRODUCT_NAME = "$(TARGET_NAME)";
				SWIFT_EMIT_LOC_STRINGS = NO;
				SWIFT_VERSION = 5.0;
				TEST_HOST = "$(BUILT_PRODUCTS_DIR)/Redesigned Finder.app/$(BUNDLE_EXECUTABLE_FOLDER_PATH)/Redesigned Finder";
			};
			name = Release;
		};
		61530E442A047A7A0092A3AB /* Debug */ = {
			isa = XCBuildConfiguration;
			buildSettings = {
				ALWAYS_EMBED_SWIFT_STANDARD_LIBRARIES = YES;
				CODE_SIGN_STYLE = Automatic;
				CURRENT_PROJECT_VERSION = 1;
				DEVELOPMENT_TEAM = 88XL4V6ZTF;
				GENERATE_INFOPLIST_FILE = YES;
				MARKETING_VERSION = 1.0;
				PRODUCT_BUNDLE_IDENTIFIER = "Personal.Redesigned-FinderUITests";
				PRODUCT_NAME = "$(TARGET_NAME)";
				SWIFT_EMIT_LOC_STRINGS = NO;
				SWIFT_VERSION = 5.0;
				TEST_TARGET_NAME = "Redesigned Finder";
			};
			name = Debug;
		};
		61530E452A047A7A0092A3AB /* Release */ = {
			isa = XCBuildConfiguration;
			buildSettings = {
				ALWAYS_EMBED_SWIFT_STANDARD_LIBRARIES = YES;
				CODE_SIGN_STYLE = Automatic;
				CURRENT_PROJECT_VERSION = 1;
				DEVELOPMENT_TEAM = 88XL4V6ZTF;
				GENERATE_INFOPLIST_FILE = YES;
				MARKETING_VERSION = 1.0;
				PRODUCT_BUNDLE_IDENTIFIER = "Personal.Redesigned-FinderUITests";
				PRODUCT_NAME = "$(TARGET_NAME)";
				SWIFT_EMIT_LOC_STRINGS = NO;
				SWIFT_VERSION = 5.0;
				TEST_TARGET_NAME = "Redesigned Finder";
			};
			name = Release;
		};
/* End XCBuildConfiguration section */

/* Begin XCConfigurationList section */
		61530E132A047A780092A3AB /* Build configuration list for PBXProject "Redesigned Finder" */ = {
			isa = XCConfigurationList;
			buildConfigurations = (
				61530E3B2A047A7A0092A3AB /* Debug */,
				61530E3C2A047A7A0092A3AB /* Release */,
			);
			defaultConfigurationIsVisible = 0;
			defaultConfigurationName = Release;
		};
		61530E3D2A047A7A0092A3AB /* Build configuration list for PBXNativeTarget "Redesigned Finder" */ = {
			isa = XCConfigurationList;
			buildConfigurations = (
				61530E3E2A047A7A0092A3AB /* Debug */,
				61530E3F2A047A7A0092A3AB /* Release */,
			);
			defaultConfigurationIsVisible = 0;
			defaultConfigurationName = Release;
		};
		61530E402A047A7A0092A3AB /* Build configuration list for PBXNativeTarget "Redesigned FinderTests" */ = {
			isa = XCConfigurationList;
			buildConfigurations = (
				61530E412A047A7A0092A3AB /* Debug */,
				61530E422A047A7A0092A3AB /* Release */,
			);
			defaultConfigurationIsVisible = 0;
			defaultConfigurationName = Release;
		};
		61530E432A047A7A0092A3AB /* Build configuration list for PBXNativeTarget "Redesigned FinderUITests" */ = {
			isa = XCConfigurationList;
			buildConfigurations = (
				61530E442A047A7A0092A3AB /* Debug */,
				61530E452A047A7A0092A3AB /* Release */,
			);
			defaultConfigurationIsVisible = 0;
			defaultConfigurationName = Release;
		};
/* End XCConfigurationList section */
	};
	rootObject = 61530E102A047A780092A3AB /* Project object */;
}
